// !$*UTF8*$!
{
	archiveVersion = 1;
	classes = {
	};
	objectVersion = 56;
	objects = {

/* Begin PBXBuildFile section */
		1009A0FB2A3D73CA00E07B83 /* AppDelegate.swift in Sources */ = {isa = PBXBuildFile; fileRef = 1009A0FA2A3D73CA00E07B83 /* AppDelegate.swift */; };
		1009A0FD2A3D73CA00E07B83 /* SceneDelegate.swift in Sources */ = {isa = PBXBuildFile; fileRef = 1009A0FC2A3D73CA00E07B83 /* SceneDelegate.swift */; };
		1009A0FF2A3D73CA00E07B83 /* ViewController.swift in Sources */ = {isa = PBXBuildFile; fileRef = 1009A0FE2A3D73CA00E07B83 /* ViewController.swift */; };
		1009A1022A3D73CA00E07B83 /* Main.storyboard in Resources */ = {isa = PBXBuildFile; fileRef = 1009A1002A3D73CA00E07B83 /* Main.storyboard */; };
		1009A1042A3D73CD00E07B83 /* Assets.xcassets in Resources */ = {isa = PBXBuildFile; fileRef = 1009A1032A3D73CD00E07B83 /* Assets.xcassets */; };
		1009A1072A3D73CD00E07B83 /* LaunchScreen.storyboard in Resources */ = {isa = PBXBuildFile; fileRef = 1009A1052A3D73CD00E07B83 /* LaunchScreen.storyboard */; };
		1009A1102A3D96B700E07B83 /* MovieListViewController.swift in Sources */ = {isa = PBXBuildFile; fileRef = 1009A10F2A3D96B700E07B83 /* MovieListViewController.swift */; };
		1009A1132A3D98F600E07B83 /* MovieCollectionViewCell.swift in Sources */ = {isa = PBXBuildFile; fileRef = 1009A1122A3D98F600E07B83 /* MovieCollectionViewCell.swift */; };
		1009A1162A3DD3DF00E07B83 /* Movie.swift in Sources */ = {isa = PBXBuildFile; fileRef = 1009A1152A3DD3DF00E07B83 /* Movie.swift */; };
		1009A1192A3DD45600E07B83 /* WebService.swift in Sources */ = {isa = PBXBuildFile; fileRef = 1009A1182A3DD45600E07B83 /* WebService.swift */; };
		1009A11C2A3DD49700E07B83 /* MovieListViewModel.swift in Sources */ = {isa = PBXBuildFile; fileRef = 1009A11B2A3DD49700E07B83 /* MovieListViewModel.swift */; };
		1009A11E2A3DF22B00E07B83 /* MovieDetailViewController.swift in Sources */ = {isa = PBXBuildFile; fileRef = 1009A11D2A3DF22B00E07B83 /* MovieDetailViewController.swift */; };
		1009A1202A3DF90500E07B83 /* MovieDetailViewModel.swift in Sources */ = {isa = PBXBuildFile; fileRef = 1009A11F2A3DF90500E07B83 /* MovieDetailViewModel.swift */; };
		1009A1222A3E11AC00E07B83 /* ProductionCompanyCollectionViewCell.swift in Sources */ = {isa = PBXBuildFile; fileRef = 1009A1212A3E11AC00E07B83 /* ProductionCompanyCollectionViewCell.swift */; };
/* End PBXBuildFile section */

/* Begin PBXFileReference section */
		1009A0F72A3D73CA00E07B83 /* CampaignTest.app */ = {isa = PBXFileReference; explicitFileType = wrapper.application; includeInIndex = 0; path = CampaignTest.app; sourceTree = BUILT_PRODUCTS_DIR; };
		1009A0FA2A3D73CA00E07B83 /* AppDelegate.swift */ = {isa = PBXFileReference; lastKnownFileType = sourcecode.swift; path = AppDelegate.swift; sourceTree = "<group>"; };
		1009A0FC2A3D73CA00E07B83 /* SceneDelegate.swift */ = {isa = PBXFileReference; lastKnownFileType = sourcecode.swift; path = SceneDelegate.swift; sourceTree = "<group>"; };
		1009A0FE2A3D73CA00E07B83 /* ViewController.swift */ = {isa = PBXFileReference; lastKnownFileType = sourcecode.swift; path = ViewController.swift; sourceTree = "<group>"; };
		1009A1012A3D73CA00E07B83 /* Base */ = {isa = PBXFileReference; lastKnownFileType = file.storyboard; name = Base; path = Base.lproj/Main.storyboard; sourceTree = "<group>"; };
		1009A1032A3D73CD00E07B83 /* Assets.xcassets */ = {isa = PBXFileReference; lastKnownFileType = folder.assetcatalog; path = Assets.xcassets; sourceTree = "<group>"; };
		1009A1062A3D73CD00E07B83 /* Base */ = {isa = PBXFileReference; lastKnownFileType = file.storyboard; name = Base; path = Base.lproj/LaunchScreen.storyboard; sourceTree = "<group>"; };
		1009A1082A3D73CD00E07B83 /* Info.plist */ = {isa = PBXFileReference; lastKnownFileType = text.plist.xml; path = Info.plist; sourceTree = "<group>"; };
		1009A10F2A3D96B700E07B83 /* MovieListViewController.swift */ = {isa = PBXFileReference; lastKnownFileType = sourcecode.swift; path = MovieListViewController.swift; sourceTree = "<group>"; };
		1009A1122A3D98F600E07B83 /* MovieCollectionViewCell.swift */ = {isa = PBXFileReference; lastKnownFileType = sourcecode.swift; path = MovieCollectionViewCell.swift; sourceTree = "<group>"; };
		1009A1152A3DD3DF00E07B83 /* Movie.swift */ = {isa = PBXFileReference; lastKnownFileType = sourcecode.swift; path = Movie.swift; sourceTree = "<group>"; };
		1009A1182A3DD45600E07B83 /* WebService.swift */ = {isa = PBXFileReference; lastKnownFileType = sourcecode.swift; path = WebService.swift; sourceTree = "<group>"; };
		1009A11B2A3DD49700E07B83 /* MovieListViewModel.swift */ = {isa = PBXFileReference; lastKnownFileType = sourcecode.swift; path = MovieListViewModel.swift; sourceTree = "<group>"; };
		1009A11D2A3DF22B00E07B83 /* MovieDetailViewController.swift */ = {isa = PBXFileReference; lastKnownFileType = sourcecode.swift; path = MovieDetailViewController.swift; sourceTree = "<group>"; };
		1009A11F2A3DF90500E07B83 /* MovieDetailViewModel.swift */ = {isa = PBXFileReference; lastKnownFileType = sourcecode.swift; path = MovieDetailViewModel.swift; sourceTree = "<group>"; };
		1009A1212A3E11AC00E07B83 /* ProductionCompanyCollectionViewCell.swift */ = {isa = PBXFileReference; lastKnownFileType = sourcecode.swift; path = ProductionCompanyCollectionViewCell.swift; sourceTree = "<group>"; };
/* End PBXFileReference section */

/* Begin PBXFrameworksBuildPhase section */
		1009A0F42A3D73CA00E07B83 /* Frameworks */ = {
			isa = PBXFrameworksBuildPhase;
			buildActionMask = 2147483647;
			files = (
			);
			runOnlyForDeploymentPostprocessing = 0;
		};
/* End PBXFrameworksBuildPhase section */

/* Begin PBXGroup section */
		1009A0EE2A3D73CA00E07B83 = {
			isa = PBXGroup;
			children = (
				1009A0F92A3D73CA00E07B83 /* CampaignTest */,
				1009A0F82A3D73CA00E07B83 /* Products */,
			);
			sourceTree = "<group>";
		};
		1009A0F82A3D73CA00E07B83 /* Products */ = {
			isa = PBXGroup;
			children = (
				1009A0F72A3D73CA00E07B83 /* CampaignTest.app */,
			);
			name = Products;
			sourceTree = "<group>";
		};
		1009A0F92A3D73CA00E07B83 /* CampaignTest */ = {
			isa = PBXGroup;
			children = (
				1009A11A2A3DD48C00E07B83 /* ViewModel */,
				1009A1172A3DD44C00E07B83 /* WebService */,
				1009A1142A3DD3D500E07B83 /* Model */,
				1009A1112A3D98E800E07B83 /* Components */,
				1009A10E2A3D969200E07B83 /* ViewController */,
				1009A0FA2A3D73CA00E07B83 /* AppDelegate.swift */,
				1009A0FC2A3D73CA00E07B83 /* SceneDelegate.swift */,
				1009A0FE2A3D73CA00E07B83 /* ViewController.swift */,
				1009A1002A3D73CA00E07B83 /* Main.storyboard */,
				1009A1032A3D73CD00E07B83 /* Assets.xcassets */,
				1009A1052A3D73CD00E07B83 /* LaunchScreen.storyboard */,
				1009A1082A3D73CD00E07B83 /* Info.plist */,
			);
			path = CampaignTest;
			sourceTree = "<group>";
		};
		1009A10E2A3D969200E07B83 /* ViewController */ = {
			isa = PBXGroup;
			children = (
				1009A10F2A3D96B700E07B83 /* MovieListViewController.swift */,
				1009A11D2A3DF22B00E07B83 /* MovieDetailViewController.swift */,
			);
			path = ViewController;
			sourceTree = "<group>";
		};
		1009A1112A3D98E800E07B83 /* Components */ = {
			isa = PBXGroup;
			children = (
				1009A1122A3D98F600E07B83 /* MovieCollectionViewCell.swift */,
				1009A1212A3E11AC00E07B83 /* ProductionCompanyCollectionViewCell.swift */,
			);
			path = Components;
			sourceTree = "<group>";
		};
		1009A1142A3DD3D500E07B83 /* Model */ = {
			isa = PBXGroup;
			children = (
				1009A1152A3DD3DF00E07B83 /* Movie.swift */,
			);
			path = Model;
			sourceTree = "<group>";
		};
		1009A1172A3DD44C00E07B83 /* WebService */ = {
			isa = PBXGroup;
			children = (
				1009A1182A3DD45600E07B83 /* WebService.swift */,
			);
			path = WebService;
			sourceTree = "<group>";
		};
		1009A11A2A3DD48C00E07B83 /* ViewModel */ = {
			isa = PBXGroup;
			children = (
				1009A11B2A3DD49700E07B83 /* MovieListViewModel.swift */,
				1009A11F2A3DF90500E07B83 /* MovieDetailViewModel.swift */,
			);
			path = ViewModel;
			sourceTree = "<group>";
		};
/* End PBXGroup section */

/* Begin PBXNativeTarget section */
		1009A0F62A3D73CA00E07B83 /* CampaignTest */ = {
			isa = PBXNativeTarget;
			buildConfigurationList = 1009A10B2A3D73CD00E07B83 /* Build configuration list for PBXNativeTarget "CampaignTest" */;
			buildPhases = (
				1009A0F32A3D73CA00E07B83 /* Sources */,
				1009A0F42A3D73CA00E07B83 /* Frameworks */,
				1009A0F52A3D73CA00E07B83 /* Resources */,
			);
			buildRules = (
			);
			dependencies = (
			);
			name = CampaignTest;
			productName = CampaignTest;
			productReference = 1009A0F72A3D73CA00E07B83 /* CampaignTest.app */;
			productType = "com.apple.product-type.application";
		};
/* End PBXNativeTarget section */

/* Begin PBXProject section */
		1009A0EF2A3D73CA00E07B83 /* Project object */ = {
			isa = PBXProject;
			attributes = {
				BuildIndependentTargetsInParallel = 1;
				LastSwiftUpdateCheck = 1430;
				LastUpgradeCheck = 1430;
				TargetAttributes = {
					1009A0F62A3D73CA00E07B83 = {
						CreatedOnToolsVersion = 14.3.1;
					};
				};
			};
			buildConfigurationList = 1009A0F22A3D73CA00E07B83 /* Build configuration list for PBXProject "CampaignTest" */;
			compatibilityVersion = "Xcode 14.0";
			developmentRegion = en;
			hasScannedForEncodings = 0;
			knownRegions = (
				en,
				Base,
			);
			mainGroup = 1009A0EE2A3D73CA00E07B83;
			productRefGroup = 1009A0F82A3D73CA00E07B83 /* Products */;
			projectDirPath = "";
			projectRoot = "";
			targets = (
				1009A0F62A3D73CA00E07B83 /* CampaignTest */,
			);
		};
/* End PBXProject section */

/* Begin PBXResourcesBuildPhase section */
		1009A0F52A3D73CA00E07B83 /* Resources */ = {
			isa = PBXResourcesBuildPhase;
			buildActionMask = 2147483647;
			files = (
				1009A1072A3D73CD00E07B83 /* LaunchScreen.storyboard in Resources */,
				1009A1042A3D73CD00E07B83 /* Assets.xcassets in Resources */,
				1009A1022A3D73CA00E07B83 /* Main.storyboard in Resources */,
			);
			runOnlyForDeploymentPostprocessing = 0;
		};
/* End PBXResourcesBuildPhase section */

/* Begin PBXSourcesBuildPhase section */
		1009A0F32A3D73CA00E07B83 /* Sources */ = {
			isa = PBXSourcesBuildPhase;
			buildActionMask = 2147483647;
			files = (
				1009A1102A3D96B700E07B83 /* MovieListViewController.swift in Sources */,
				1009A0FF2A3D73CA00E07B83 /* ViewController.swift in Sources */,
				1009A1192A3DD45600E07B83 /* WebService.swift in Sources */,
				1009A11C2A3DD49700E07B83 /* MovieListViewModel.swift in Sources */,
				1009A1162A3DD3DF00E07B83 /* Movie.swift in Sources */,
				1009A1132A3D98F600E07B83 /* MovieCollectionViewCell.swift in Sources */,
				1009A1202A3DF90500E07B83 /* MovieDetailViewModel.swift in Sources */,
				1009A0FB2A3D73CA00E07B83 /* AppDelegate.swift in Sources */,
				1009A11E2A3DF22B00E07B83 /* MovieDetailViewController.swift in Sources */,
				1009A0FD2A3D73CA00E07B83 /* SceneDelegate.swift in Sources */,
				1009A1222A3E11AC00E07B83 /* ProductionCompanyCollectionViewCell.swift in Sources */,
			);
			runOnlyForDeploymentPostprocessing = 0;
		};
/* End PBXSourcesBuildPhase section */

/* Begin PBXVariantGroup section */
		1009A1002A3D73CA00E07B83 /* Main.storyboard */ = {
			isa = PBXVariantGroup;
			children = (
				1009A1012A3D73CA00E07B83 /* Base */,
			);
			name = Main.storyboard;
			sourceTree = "<group>";
		};
		1009A1052A3D73CD00E07B83 /* LaunchScreen.storyboard */ = {
			isa = PBXVariantGroup;
			children = (
				1009A1062A3D73CD00E07B83 /* Base */,
			);
			name = LaunchScreen.storyboard;
			sourceTree = "<group>";
		};
/* End PBXVariantGroup section */

/* Begin XCBuildConfiguration section */
		1009A1092A3D73CD00E07B83 /* Debug */ = {
			isa = XCBuildConfiguration;
			buildSettings = {
				ALWAYS_SEARCH_USER_PATHS = NO;
				CLANG_ANALYZER_NONNULL = YES;
				CLANG_ANALYZER_NUMBER_OBJECT_CONVERSION = YES_AGGRESSIVE;
				CLANG_CXX_LANGUAGE_STANDARD = "gnu++20";
				CLANG_ENABLE_MODULES = YES;
				CLANG_ENABLE_OBJC_ARC = YES;
				CLANG_ENABLE_OBJC_WEAK = YES;
				CLANG_WARN_BLOCK_CAPTURE_AUTORELEASING = YES;
				CLANG_WARN_BOOL_CONVERSION = YES;
				CLANG_WARN_COMMA = YES;
				CLANG_WARN_CONSTANT_CONVERSION = YES;
				CLANG_WARN_DEPRECATED_OBJC_IMPLEMENTATIONS = YES;
				CLANG_WARN_DIRECT_OBJC_ISA_USAGE = YES_ERROR;
				CLANG_WARN_DOCUMENTATION_COMMENTS = YES;
				CLANG_WARN_EMPTY_BODY = YES;
				CLANG_WARN_ENUM_CONVERSION = YES;
				CLANG_WARN_INFINITE_RECURSION = YES;
				CLANG_WARN_INT_CONVERSION = YES;
				CLANG_WARN_NON_LITERAL_NULL_CONVERSION = YES;
				CLANG_WARN_OBJC_IMPLICIT_RETAIN_SELF = YES;
				CLANG_WARN_OBJC_LITERAL_CONVERSION = YES;
				CLANG_WARN_OBJC_ROOT_CLASS = YES_ERROR;
				CLANG_WARN_QUOTED_INCLUDE_IN_FRAMEWORK_HEADER = YES;
				CLANG_WARN_RANGE_LOOP_ANALYSIS = YES;
				CLANG_WARN_STRICT_PROTOTYPES = YES;
				CLANG_WARN_SUSPICIOUS_MOVE = YES;
				CLANG_WARN_UNGUARDED_AVAILABILITY = YES_AGGRESSIVE;
				CLANG_WARN_UNREACHABLE_CODE = YES;
				CLANG_WARN__DUPLICATE_METHOD_MATCH = YES;
				COPY_PHASE_STRIP = NO;
				DEBUG_INFORMATION_FORMAT = dwarf;
				ENABLE_STRICT_OBJC_MSGSEND = YES;
				ENABLE_TESTABILITY = YES;
				GCC_C_LANGUAGE_STANDARD = gnu11;
				GCC_DYNAMIC_NO_PIC = NO;
				GCC_NO_COMMON_BLOCKS = YES;
				GCC_OPTIMIZATION_LEVEL = 0;
				GCC_PREPROCESSOR_DEFINITIONS = (
					"DEBUG=1",
					"$(inherited)",
				);
				GCC_WARN_64_TO_32_BIT_CONVERSION = YES;
				GCC_WARN_ABOUT_RETURN_TYPE = YES_ERROR;
				GCC_WARN_UNDECLARED_SELECTOR = YES;
				GCC_WARN_UNINITIALIZED_AUTOS = YES_AGGRESSIVE;
				GCC_WARN_UNUSED_FUNCTION = YES;
				GCC_WARN_UNUSED_VARIABLE = YES;
				IPHONEOS_DEPLOYMENT_TARGET = 16.4;
				MTL_ENABLE_DEBUG_INFO = INCLUDE_SOURCE;
				MTL_FAST_MATH = YES;
				ONLY_ACTIVE_ARCH = YES;
				SDKROOT = iphoneos;
				SWIFT_ACTIVE_COMPILATION_CONDITIONS = DEBUG;
				SWIFT_OPTIMIZATION_LEVEL = "-Onone";
			};
			name = Debug;
		};
		1009A10A2A3D73CD00E07B83 /* Release */ = {
			isa = XCBuildConfiguration;
			buildSettings = {
				ALWAYS_SEARCH_USER_PATHS = NO;
				CLANG_ANALYZER_NONNULL = YES;
				CLANG_ANALYZER_NUMBER_OBJECT_CONVERSION = YES_AGGRESSIVE;
				CLANG_CXX_LANGUAGE_STANDARD = "gnu++20";
				CLANG_ENABLE_MODULES = YES;
				CLANG_ENABLE_OBJC_ARC = YES;
				CLANG_ENABLE_OBJC_WEAK = YES;
				CLANG_WARN_BLOCK_CAPTURE_AUTORELEASING = YES;
				CLANG_WARN_BOOL_CONVERSION = YES;
				CLANG_WARN_COMMA = YES;
				CLANG_WARN_CONSTANT_CONVERSION = YES;
				CLANG_WARN_DEPRECATED_OBJC_IMPLEMENTATIONS = YES;
				CLANG_WARN_DIRECT_OBJC_ISA_USAGE = YES_ERROR;
				CLANG_WARN_DOCUMENTATION_COMMENTS = YES;
				CLANG_WARN_EMPTY_BODY = YES;
				CLANG_WARN_ENUM_CONVERSION = YES;
				CLANG_WARN_INFINITE_RECURSION = YES;
				CLANG_WARN_INT_CONVERSION = YES;
				CLANG_WARN_NON_LITERAL_NULL_CONVERSION = YES;
				CLANG_WARN_OBJC_IMPLICIT_RETAIN_SELF = YES;
				CLANG_WARN_OBJC_LITERAL_CONVERSION = YES;
				CLANG_WARN_OBJC_ROOT_CLASS = YES_ERROR;
				CLANG_WARN_QUOTED_INCLUDE_IN_FRAMEWORK_HEADER = YES;
				CLANG_WARN_RANGE_LOOP_ANALYSIS = YES;
				CLANG_WARN_STRICT_PROTOTYPES = YES;
				CLANG_WARN_SUSPICIOUS_MOVE = YES;
				CLANG_WARN_UNGUARDED_AVAILABILITY = YES_AGGRESSIVE;
				CLANG_WARN_UNREACHABLE_CODE = YES;
				CLANG_WARN__DUPLICATE_METHOD_MATCH = YES;
				COPY_PHASE_STRIP = NO;
				DEBUG_INFORMATION_FORMAT = "dwarf-with-dsym";
				ENABLE_NS_ASSERTIONS = NO;
				ENABLE_STRICT_OBJC_MSGSEND = YES;
				GCC_C_LANGUAGE_STANDARD = gnu11;
				GCC_NO_COMMON_BLOCKS = YES;
				GCC_WARN_64_TO_32_BIT_CONVERSION = YES;
				GCC_WARN_ABOUT_RETURN_TYPE = YES_ERROR;
				GCC_WARN_UNDECLARED_SELECTOR = YES;
				GCC_WARN_UNINITIALIZED_AUTOS = YES_AGGRESSIVE;
				GCC_WARN_UNUSED_FUNCTION = YES;
				GCC_WARN_UNUSED_VARIABLE = YES;
				IPHONEOS_DEPLOYMENT_TARGET = 16.4;
				MTL_ENABLE_DEBUG_INFO = NO;
				MTL_FAST_MATH = YES;
				SDKROOT = iphoneos;
				SWIFT_COMPILATION_MODE = wholemodule;
				SWIFT_OPTIMIZATION_LEVEL = "-O";
				VALIDATE_PRODUCT = YES;
			};
			name = Release;
		};
		1009A10C2A3D73CD00E07B83 /* Debug */ = {
			isa = XCBuildConfiguration;
			buildSettings = {
				ASSETCATALOG_COMPILER_APPICON_NAME = AppIcon;
				ASSETCATALOG_COMPILER_GLOBAL_ACCENT_COLOR_NAME = AccentColor;
				CODE_SIGN_STYLE = Automatic;
				CURRENT_PROJECT_VERSION = 1;
				DEVELOPMENT_TEAM = X3D8UM28XD;
				GENERATE_INFOPLIST_FILE = YES;
				INFOPLIST_FILE = CampaignTest/Info.plist;
				INFOPLIST_KEY_UIApplicationSupportsIndirectInputEvents = YES;
				INFOPLIST_KEY_UILaunchStoryboardName = LaunchScreen;
				INFOPLIST_KEY_UIMainStoryboardFile = Main;
				INFOPLIST_KEY_UISupportedInterfaceOrientations_iPad = "UIInterfaceOrientationPortrait UIInterfaceOrientationPortraitUpsideDown UIInterfaceOrientationLandscapeLeft UIInterfaceOrientationLandscapeRight";
				INFOPLIST_KEY_UISupportedInterfaceOrientations_iPhone = "UIInterfaceOrientationPortrait UIInterfaceOrientationLandscapeLeft UIInterfaceOrientationLandscapeRight";
				LD_RUNPATH_SEARCH_PATHS = (
					"$(inherited)",
					"@executable_path/Frameworks",
				);
				MARKETING_VERSION = 1.0;
				PRODUCT_BUNDLE_IDENTIFIER = com.shrall.CampaignTest;
				PRODUCT_NAME = "$(TARGET_NAME)";
				SWIFT_EMIT_LOC_STRINGS = YES;
				SWIFT_VERSION = 5.0;
				TARGETED_DEVICE_FAMILY = "1,2";
			};
			name = Debug;
		};
		1009A10D2A3D73CD00E07B83 /* Release */ = {
			isa = XCBuildConfiguration;
			buildSettings = {
				ASSETCATALOG_COMPILER_APPICON_NAME = AppIcon;
				ASSETCATALOG_COMPILER_GLOBAL_ACCENT_COLOR_NAME = AccentColor;
				CODE_SIGN_STYLE = Automatic;
				CURRENT_PROJECT_VERSION = 1;
				DEVELOPMENT_TEAM = X3D8UM28XD;
				GENERATE_INFOPLIST_FILE = YES;
				INFOPLIST_FILE = CampaignTest/Info.plist;
				INFOPLIST_KEY_UIApplicationSupportsIndirectInputEvents = YES;
				INFOPLIST_KEY_UILaunchStoryboardName = LaunchScreen;
				INFOPLIST_KEY_UIMainStoryboardFile = Main;
				INFOPLIST_KEY_UISupportedInterfaceOrientations_iPad = "UIInterfaceOrientationPortrait UIInterfaceOrientationPortraitUpsideDown UIInterfaceOrientationLandscapeLeft UIInterfaceOrientationLandscapeRight";
				INFOPLIST_KEY_UISupportedInterfaceOrientations_iPhone = "UIInterfaceOrientationPortrait UIInterfaceOrientationLandscapeLeft UIInterfaceOrientationLandscapeRight";
				LD_RUNPATH_SEARCH_PATHS = (
					"$(inherited)",
					"@executable_path/Frameworks",
				);
				MARKETING_VERSION = 1.0;
				PRODUCT_BUNDLE_IDENTIFIER = com.shrall.CampaignTest;
				PRODUCT_NAME = "$(TARGET_NAME)";
				SWIFT_EMIT_LOC_STRINGS = YES;
				SWIFT_VERSION = 5.0;
				TARGETED_DEVICE_FAMILY = "1,2";
			};
			name = Release;
		};
/* End XCBuildConfiguration section */

/* Begin XCConfigurationList section */
		1009A0F22A3D73CA00E07B83 /* Build configuration list for PBXProject "CampaignTest" */ = {
			isa = XCConfigurationList;
			buildConfigurations = (
				1009A1092A3D73CD00E07B83 /* Debug */,
				1009A10A2A3D73CD00E07B83 /* Release */,
			);
			defaultConfigurationIsVisible = 0;
			defaultConfigurationName = Release;
		};
		1009A10B2A3D73CD00E07B83 /* Build configuration list for PBXNativeTarget "CampaignTest" */ = {
			isa = XCConfigurationList;
			buildConfigurations = (
				1009A10C2A3D73CD00E07B83 /* Debug */,
				1009A10D2A3D73CD00E07B83 /* Release */,
			);
			defaultConfigurationIsVisible = 0;
			defaultConfigurationName = Release;
		};
/* End XCConfigurationList section */
	};
	rootObject = 1009A0EF2A3D73CA00E07B83 /* Project object */;
}
